
Microsoft Visual Studio Solution File, Format Version 12.00
# Visual Studio 15
VisualStudioVersion = 15.0.26014.0
MinimumVisualStudioVersion = 10.0.40219.1
Project("{FAE04EC0-301F-11D3-BF4B-00C04F79EFBC}") = "TTFAssignment.Engine", "TTFAssignment.Engine\TTFAssignment.Engine.csproj", "{7B7DE1F9-FBC2-4F1B-AB06-E698D8BFC98E}"
EndProject
Project("{FAE04EC0-301F-11D3-BF4B-00C04F79EFBC}") = "TTFAssignment.Tests", "TTFAssignment.Tests\TTFAssignment.Tests.csproj", "{5BDDDD15-51B6-4336-8F02-29F7E131FFD3}"
EndProject
Project("{FAE04EC0-301F-11D3-BF4B-00C04F79EFBC}") = "TTFAssignment.Web", "TTFAssignment.Web\TTFAssignment.Web.csproj", "{3AC46AC9-38AE-42C3-BA31-0A5ACD5874C4}"
EndProject
Global
	GlobalSection(SolutionConfigurationPlatforms) = preSolution
		Debug|Any CPU = Debug|Any CPU
		Debug|x64 = Debug|x64
		Debug|x86 = Debug|x86
		Release|Any CPU = Release|Any CPU
		Release|x64 = Release|x64
		Release|x86 = Release|x86
	EndGlobalSection
	GlobalSection(ProjectConfigurationPlatforms) = postSolution
		{7B7DE1F9-FBC2-4F1B-AB06-E698D8BFC98E}.Debug|Any CPU.ActiveCfg = Debug|Any CPU
		{7B7DE1F9-FBC2-4F1B-AB06-E698D8BFC98E}.Debug|Any CPU.Build.0 = Debug|Any CPU
		{7B7DE1F9-FBC2-4F1B-AB06-E698D8BFC98E}.Debug|x64.ActiveCfg = Debug|x64
		{7B7DE1F9-FBC2-4F1B-AB06-E698D8BFC98E}.Debug|x64.Build.0 = Debug|x64
		{7B7DE1F9-FBC2-4F1B-AB06-E698D8BFC98E}.Debug|x86.ActiveCfg = Debug|x86
		{7B7DE1F9-FBC2-4F1B-AB06-E698D8BFC98E}.Debug|x86.Build.0 = Debug|x86
		{7B7DE1F9-FBC2-4F1B-AB06-E698D8BFC98E}.Release|Any CPU.ActiveCfg = Release|Any CPU
		{7B7DE1F9-FBC2-4F1B-AB06-E698D8BFC98E}.Release|Any CPU.Build.0 = Release|Any CPU
		{7B7DE1F9-FBC2-4F1B-AB06-E698D8BFC98E}.Release|x64.ActiveCfg = Release|x64
		{7B7DE1F9-FBC2-4F1B-AB06-E698D8BFC98E}.Release|x64.Build.0 = Release|x64
		{7B7DE1F9-FBC2-4F1B-AB06-E698D8BFC98E}.Release|x86.ActiveCfg = Release|x86
		{7B7DE1F9-FBC2-4F1B-AB06-E698D8BFC98E}.Release|x86.Build.0 = Release|x86
		{5BDDDD15-51B6-4336-8F02-29F7E131FFD3}.Debug|Any CPU.ActiveCfg = Debug|Any CPU
		{5BDDDD15-51B6-4336-8F02-29F7E131FFD3}.Debug|Any CPU.Build.0 = Debug|Any CPU
		{5BDDDD15-51B6-4336-8F02-29F7E131FFD3}.Debug|x64.ActiveCfg = Debug|x64
		{5BDDDD15-51B6-4336-8F02-29F7E131FFD3}.Debug|x64.Build.0 = Debug|x64
		{5BDDDD15-51B6-4336-8F02-29F7E131FFD3}.Debug|x86.ActiveCfg = Debug|x86
		{5BDDDD15-51B6-4336-8F02-29F7E131FFD3}.Debug|x86.Build.0 = Debug|x86
		{5BDDDD15-51B6-4336-8F02-29F7E131FFD3}.Release|Any CPU.ActiveCfg = Release|Any CPU
		{5BDDDD15-51B6-4336-8F02-29F7E131FFD3}.Release|Any CPU.Build.0 = Release|Any CPU
		{5BDDDD15-51B6-4336-8F02-29F7E131FFD3}.Release|x64.ActiveCfg = Release|x64
		{5BDDDD15-51B6-4336-8F02-29F7E131FFD3}.Release|x64.Build.0 = Release|x64
		{5BDDDD15-51B6-4336-8F02-29F7E131FFD3}.Release|x86.ActiveCfg = Release|x86
		{5BDDDD15-51B6-4336-8F02-29F7E131FFD3}.Release|x86.Build.0 = Release|x86
		{3AC46AC9-38AE-42C3-BA31-0A5ACD5874C4}.Debug|Any CPU.ActiveCfg = Debug|Any CPU
		{3AC46AC9-38AE-42C3-BA31-0A5ACD5874C4}.Debug|Any CPU.Build.0 = Debug|Any CPU
		{3AC46AC9-38AE-42C3-BA31-0A5ACD5874C4}.Debug|x64.ActiveCfg = Debug|x64
		{3AC46AC9-38AE-42C3-BA31-0A5ACD5874C4}.Debug|x64.Build.0 = Debug|x64
		{3AC46AC9-38AE-42C3-BA31-0A5ACD5874C4}.Debug|x86.ActiveCfg = Debug|x86
		{3AC46AC9-38AE-42C3-BA31-0A5ACD5874C4}.Debug|x86.Build.0 = Debug|x86
		{3AC46AC9-38AE-42C3-BA31-0A5ACD5874C4}.Release|Any CPU.ActiveCfg = Release|Any CPU
		{3AC46AC9-38AE-42C3-BA31-0A5ACD5874C4}.Release|Any CPU.Build.0 = Release|Any CPU
		{3AC46AC9-38AE-42C3-BA31-0A5ACD5874C4}.Release|x64.ActiveCfg = Release|x64
		{3AC46AC9-38AE-42C3-BA31-0A5ACD5874C4}.Release|x64.Build.0 = Release|x64
		{3AC46AC9-38AE-42C3-BA31-0A5ACD5874C4}.Release|x86.ActiveCfg = Release|x86
		{3AC46AC9-38AE-42C3-BA31-0A5ACD5874C4}.Release|x86.Build.0 = Release|x86
	EndGlobalSection
	GlobalSection(SolutionProperties) = preSolution
		HideSolutionNode = FALSE
	EndGlobalSection
EndGlobal
